{
  "nodes": {
    "nixos-21-05": {
      "locked": {
        "lastModified": 1641734288,
        "narHash": "sha256-/7YwWbvkjinc4uu5aUQMRw3xAthhOVH/esm4tCXPzIQ=",
        "owner": "NixOS",
        "repo": "nixpkgs",
        "rev": "df123677560db3b0db7c19d71981b11091fbeaf6",
        "type": "github"
      },
      "original": {
        "narHash": "sha256-/7YwWbvkjinc4uu5aUQMRw3xAthhOVH/esm4tCXPzIQ=",
        "owner": "NixOS",
        "repo": "nixpkgs",
        "rev": "df123677560db3b0db7c19d71981b11091fbeaf6",
        "type": "github"
      }
    },
    "nixos-21-11": {
      "locked": {
        "lastModified": 1641870998,
        "narHash": "sha256-6HkxR2WZsm37VoQS7jgp6Omd71iw6t1kP8bDbaqCDuI=",
        "owner": "NixOS",
        "repo": "nixpkgs",
        "rev": "386234e2a61e1e8acf94dfa3a3d3ca19a6776efb",
        "type": "github"
      },
      "original": {
        "narHash": "sha256-6HkxR2WZsm37VoQS7jgp6Omd71iw6t1kP8bDbaqCDuI=",
        "owner": "NixOS",
        "repo": "nixpkgs",
        "rev": "386234e2a61e1e8acf94dfa3a3d3ca19a6776efb",
        "type": "github"
      }
    },
    "nixpkgs-unstable": {
      "locked": {
        "lastModified": 1641671388,
        "narHash": "sha256-aHoO6CpPLJK8hLkPJrpMnCRnj3YbfQZ7HNcXcnI83E0=",
        "owner": "NixOS",
        "repo": "nixpkgs",
        "rev": "32356ce11b8cc5cc421b68138ae8c730cc8ad4a2",
        "type": "github"
      },
      "original": {
        "narHash": "sha256-aHoO6CpPLJK8hLkPJrpMnCRnj3YbfQZ7HNcXcnI83E0=",
        "owner": "NixOS",
        "repo": "nixpkgs",
        "rev": "32356ce11b8cc5cc421b68138ae8c730cc8ad4a2",
        "type": "github"
      }
    },
    "root": {
      "inputs": {
        "nixos-21-05": "nixos-21-05",
        "nixos-21-11": "nixos-21-11",
        "nixpkgs-unstable": "nixpkgs-unstable"
      }
    }
  },
  "root": "root",
  "version": 7
}
