{
  "nodes": {
    "nixos-21-05": {
      "locked": {
        "lastModified": 1641734288,
        "narHash": "sha256-/7YwWbvkjinc4uu5aUQMRw3xAthhOVH/esm4tCXPzIQ=",
        "owner": "NixOS",
        "repo": "nixpkgs",
        "rev": "df123677560db3b0db7c19d71981b11091fbeaf6",
        "type": "github"
      },
      "original": {
        "narHash": "sha256-/7YwWbvkjinc4uu5aUQMRw3xAthhOVH/esm4tCXPzIQ=",
        "owner": "NixOS",
        "repo": "nixpkgs",
        "rev": "df123677560db3b0db7c19d71981b11091fbeaf6",
        "type": "github"
      }
    },
    "nixos-21-11": {
      "locked": {
        "lastModified": 1638161295,
        "narHash": "sha256-gLVjBxvI5tLMl2BzbGnpgVppnAxTrkrVeCyBQ5N6VQs=",
        "owner": "NixOS",
        "repo": "nixpkgs",
        "rev": "8e6b3914626900ad8f465c3e3541edbb86a95d41",
        "type": "github"
      },
      "original": {
        "narHash": "sha256-gLVjBxvI5tLMl2BzbGnpgVppnAxTrkrVeCyBQ5N6VQs=",
        "owner": "NixOS",
        "repo": "nixpkgs",
        "rev": "8e6b3914626900ad8f465c3e3541edbb86a95d41",
        "type": "github"
      }
    },
    "nixpkgs-unstable": {
      "locked": {
        "lastModified": 1638432899,
        "narHash": "sha256-iZ+rgyRx3JVyylXYxSyW01liDWEn+O8cKnin6cMzOFU=",
        "owner": "NixOS",
        "repo": "nixpkgs",
        "rev": "56cbe42f1668338d05febfbb866e32f2c865609a",
        "type": "github"
      },
      "original": {
        "narHash": "sha256-iZ+rgyRx3JVyylXYxSyW01liDWEn+O8cKnin6cMzOFU=",
        "owner": "NixOS",
        "repo": "nixpkgs",
        "rev": "56cbe42f1668338d05febfbb866e32f2c865609a",
        "type": "github"
      }
    },
    "root": {
      "inputs": {
        "nixos-21-05": "nixos-21-05",
        "nixos-21-11": "nixos-21-11",
        "nixpkgs-unstable": "nixpkgs-unstable"
      }
    }
  },
  "root": "root",
  "version": 7
}
