{
  "nodes": {
    "hurricanehrndz-nixcfg": {
      "flake": false,
      "locked": {
        "lastModified": 1627910568,
        "narHash": "sha256-VJmPDhWmIwr5V2gEJL30Zb0emT2KteZbN4lp3psk0sU=",
        "owner": "hurricanehrndz",
        "repo": "nixcfg",
        "rev": "993b3d67315563bfc4f9000e8e2e1d96c7d06ffe",
        "type": "github"
      },
      "original": {
        "owner": "hurricanehrndz",
        "repo": "nixcfg",
        "rev": "993b3d67315563bfc4f9000e8e2e1d96c7d06ffe",
        "type": "github"
      }
    },
    "nixos-21-05": {
      "locked": {
        "lastModified": 1638196344,
        "narHash": "sha256-fkOqSkfOkl8tqxDd+zJU4kAgyLXp/ouaP+U9gpjEZZs=",
        "owner": "NixOS",
        "repo": "nixpkgs",
        "rev": "2553aee74fed8c2205a4aeb3ffd206ca14ede60f",
        "type": "github"
      },
      "original": {
        "owner": "NixOS",
        "repo": "nixpkgs",
        "rev": "2553aee74fed8c2205a4aeb3ffd206ca14ede60f",
        "type": "github"
      }
    },
    "nixos-21-11": {
      "locked": {
        "lastModified": 1638161295,
        "narHash": "sha256-gLVjBxvI5tLMl2BzbGnpgVppnAxTrkrVeCyBQ5N6VQs=",
        "owner": "NixOS",
        "repo": "nixpkgs",
        "rev": "8e6b3914626900ad8f465c3e3541edbb86a95d41",
        "type": "github"
      },
      "original": {
        "owner": "NixOS",
        "repo": "nixpkgs",
        "rev": "8e6b3914626900ad8f465c3e3541edbb86a95d41",
        "type": "github"
      }
    },
    "nixpkgs-unstable": {
      "locked": {
        "lastModified": 1638189734,
        "narHash": "sha256-Vks5UgpFqbrSNi3RXaozVWAVEfueplN2WBPs2bRajHA=",
        "owner": "NixOS",
        "repo": "nixpkgs",
        "rev": "f366af7a1b3891d9370091ab03150d3a6ee138fa",
        "type": "github"
      },
      "original": {
        "owner": "NixOS",
        "repo": "nixpkgs",
        "rev": "f366af7a1b3891d9370091ab03150d3a6ee138fa",
        "type": "github"
      }
    },
    "nixpkgs-unstable-for-vimplugins": {
      "locked": {
        "narHash": "sha256-pDftXg89gm1k/ACrgeiyv3qhNCif9F6z/Jb33Za89t4=",
        "type": "tarball",
        "url": "https://releases.nixos.org/nixpkgs/nixpkgs-21.11pre309670.253aecf69ed/nixexprs.tar.xz"
      },
      "original": {
        "narHash": "sha256-pDftXg89gm1k/ACrgeiyv3qhNCif9F6z/Jb33Za89t4=",
        "type": "tarball",
        "url": "https://releases.nixos.org/nixpkgs/nixpkgs-21.11pre309670.253aecf69ed/nixexprs.tar.xz"
      }
    },
    "root": {
      "inputs": {
        "hurricanehrndz-nixcfg": "hurricanehrndz-nixcfg",
        "nixos-21-05": "nixos-21-05",
        "nixos-21-11": "nixos-21-11",
        "nixpkgs-unstable": "nixpkgs-unstable",
        "nixpkgs-unstable-for-vimplugins": "nixpkgs-unstable-for-vimplugins"
      }
    }
  },
  "root": "root",
  "version": 7
}
